
Microsoft Visual Studio Solution File, Format Version 12.00
# Visual Studio 15
VisualStudioVersion = 15.0.27428.2015
MinimumVisualStudioVersion = 10.0.40219.1
Project("{FAE04EC0-301F-11D3-BF4B-00C04F79EFBC}") = "graduation_project_ideas_2", "graduation_project_ideas_2\graduation_project_ideas_2.csproj", "{5C68C40C-6BC0-4631-B109-8691469244F2}"
EndProject
Global
	GlobalSection(SolutionConfigurationPlatforms) = preSolution
		Debug|Any CPU = Debug|Any CPU
		Release|Any CPU = Release|Any CPU
	EndGlobalSection
	GlobalSection(ProjectConfigurationPlatforms) = postSolution
		{5C68C40C-6BC0-4631-B109-8691469244F2}.Debug|Any CPU.ActiveCfg = Debug|Any CPU
		{5C68C40C-6BC0-4631-B109-8691469244F2}.Debug|Any CPU.Build.0 = Debug|Any CPU
		{5C68C40C-6BC0-4631-B109-8691469244F2}.Release|Any CPU.ActiveCfg = Release|Any CPU
		{5C68C40C-6BC0-4631-B109-8691469244F2}.Release|Any CPU.Build.0 = Release|Any CPU
	EndGlobalSection
	GlobalSection(SolutionProperties) = preSolution
		HideSolutionNode = FALSE
	EndGlobalSection
	GlobalSection(ExtensibilityGlobals) = postSolution
		SolutionGuid = {842E0750-7395-46DD-BB4B-F6481233B46C}
	EndGlobalSection
EndGlobal
